
Microsoft Visual Studio Solution File, Format Version 12.00
# Visual Studio Version 16
VisualStudioVersion = 16.0.30907.101
MinimumVisualStudioVersion = 10.0.40219.1
Project("{FAE04EC0-301F-11D3-BF4B-00C04F79EFBC}") = "ConciliacaoBancariaAuvo", "ConciliacaoBancariaAuvo\ConciliacaoBancariaAuvo.csproj", "{66778658-3A91-4354-95B9-DB02B8ED92A0}"
EndProject
Global
	GlobalSection(SolutionConfigurationPlatforms) = preSolution
		Debug|Any CPU = Debug|Any CPU
		Release|Any CPU = Release|Any CPU
	EndGlobalSection
	GlobalSection(ProjectConfigurationPlatforms) = postSolution
		{66778658-3A91-4354-95B9-DB02B8ED92A0}.Debug|Any CPU.ActiveCfg = Debug|Any CPU
		{66778658-3A91-4354-95B9-DB02B8ED92A0}.Debug|Any CPU.Build.0 = Debug|Any CPU
		{66778658-3A91-4354-95B9-DB02B8ED92A0}.Release|Any CPU.ActiveCfg = Release|Any CPU
		{66778658-3A91-4354-95B9-DB02B8ED92A0}.Release|Any CPU.Build.0 = Release|Any CPU
	EndGlobalSection
	GlobalSection(SolutionProperties) = preSolution
		HideSolutionNode = FALSE
	EndGlobalSection
	GlobalSection(ExtensibilityGlobals) = postSolution
		SolutionGuid = {1C2D9073-3F84-4E1F-9D06-A0C16129D869}
	EndGlobalSection
EndGlobal
